# This file is autogenerated, do not edit; changes may be undone by the next 'dep ensure'.


[[projects]]
  branch = "master"
  name = "github.com/tjarratt/babble"
  packages = ["."]
  revision = "2cf06e8d98b0df1f36b4851bc6bbf199316d9c28"

[solve-meta]
  analyzer-name = "dep"
  analyzer-version = 1
  inputs-digest = "e8068d695957e403da5b6d216e49a1845803f3edf3352b8c46810ed506eab153"
  solver-name = "gps-cdcl"
  solver-version = 1
